
Microsoft Visual Studio Solution File, Format Version 12.00
# Visual Studio Version 17
VisualStudioVersion = 17.13.35919.96 d17.13
MinimumVisualStudioVersion = 10.0.40219.1
Project("{FAE04EC0-301F-11D3-BF4B-00C04F79EFBC}") = "ControleDeBar.ConsoleApp", "ControleDeBar.ConsoleApp\ControleDeBar.ConsoleApp.csproj", "{4AD01413-B748-4EE5-80E6-B0EF5C220A7D}"
EndProject
Global
	GlobalSection(SolutionConfigurationPlatforms) = preSolution
		Debug|Any CPU = Debug|Any CPU
		Release|Any CPU = Release|Any CPU
	EndGlobalSection
	GlobalSection(ProjectConfigurationPlatforms) = postSolution
		{4AD01413-B748-4EE5-80E6-B0EF5C220A7D}.Debug|Any CPU.ActiveCfg = Debug|Any CPU
		{4AD01413-B748-4EE5-80E6-B0EF5C220A7D}.Debug|Any CPU.Build.0 = Debug|Any CPU
		{4AD01413-B748-4EE5-80E6-B0EF5C220A7D}.Release|Any CPU.ActiveCfg = Release|Any CPU
		{4AD01413-B748-4EE5-80E6-B0EF5C220A7D}.Release|Any CPU.Build.0 = Release|Any CPU
	EndGlobalSection
	GlobalSection(SolutionProperties) = preSolution
		HideSolutionNode = FALSE
	EndGlobalSection
	GlobalSection(ExtensibilityGlobals) = postSolution
		SolutionGuid = {50D7286E-825D-4348-8BCC-C098F73C23E6}
	EndGlobalSection
EndGlobal
